
Microsoft Visual Studio Solution File, Format Version 12.00
# Visual Studio Version 17
VisualStudioVersion = 17.5.33530.505
MinimumVisualStudioVersion = 10.0.40219.1
Project("{FAE04EC0-301F-11D3-BF4B-00C04F79EFBC}") = "Razor", "Razor\Razor.csproj", "{2BEC76F5-7470-4FE9-9965-A05136A44D22}"
EndProject
Global
	GlobalSection(SolutionConfigurationPlatforms) = preSolution
		Debug|Any CPU = Debug|Any CPU
		Release|Any CPU = Release|Any CPU
	EndGlobalSection
	GlobalSection(ProjectConfigurationPlatforms) = postSolution
		{2BEC76F5-7470-4FE9-9965-A05136A44D22}.Debug|Any CPU.ActiveCfg = Debug|Any CPU
		{2BEC76F5-7470-4FE9-9965-A05136A44D22}.Debug|Any CPU.Build.0 = Debug|Any CPU
		{2BEC76F5-7470-4FE9-9965-A05136A44D22}.Release|Any CPU.ActiveCfg = Release|Any CPU
		{2BEC76F5-7470-4FE9-9965-A05136A44D22}.Release|Any CPU.Build.0 = Release|Any CPU
	EndGlobalSection
	GlobalSection(SolutionProperties) = preSolution
		HideSolutionNode = FALSE
	EndGlobalSection
	GlobalSection(ExtensibilityGlobals) = postSolution
		SolutionGuid = {44B21458-E48C-43DB-8A6F-6A54FDC8ED71}
	EndGlobalSection
EndGlobal
